{
  "name": "test",
  "version": "1.0.0",
  "lockfileVersion": 2,
  "requires": true,
  "packages": {
    "": {
      "name": "test",
      "version": "1.0.0",
      "license": "ISC",
      "dependencies": {
        "@types/react": "^17.0.54"
      }
    },
    "node_modules/@types/prop-types": {
      "version": "15.7.5",
      "resolved": "https://registry.npmjs.org/@types/prop-types/-/prop-types-15.7.5.tgz",
      "integrity": "sha512-JCB8C6SnDoQf0cNycqd/35A7MjcnK+ZTqE7judS6o7utxUCg6imJg3QK2qzHKszlTjcj2cn+NwMB2i96ubpj7w=="
    },
    "node_modules/@types/react": {
      "version": "17.0.54",
      "resolved": "https://registry.npmjs.org/@types/react/-/react-17.0.54.tgz",
      "integrity": "sha512-yBon9aJ+pVyP0dzfs4sR2DOseDi6fDnZQHqFaprzDzFgxDLkUhL/Frjf2egvpdlVtssWH8k3YAgvaGQXFu+4Kw==",
      "dependencies": {
        "@types/prop-types": "*",
        "@types/scheduler": "*",
        "csstype": "^3.0.2"
      }
    },
    "node_modules/@types/scheduler": {
      "version": "0.16.3",
      "resolved": "https://registry.npmjs.org/@types/scheduler/-/scheduler-0.16.3.tgz",
      "integrity": "sha512-5cJ8CB4yAx7BH1oMvdU0Jh9lrEXyPkar6F9G/ERswkCuvP4KQZfZkSjcMbAICCpQTN4OuZn8tz0HiKv9TGZgrQ=="
    },
    "node_modules/csstype": {
      "version": "3.1.1",
      "resolved": "https://registry.npmjs.org/csstype/-/csstype-3.1.1.tgz",
      "integrity": "sha512-DJR/VvkAvSZW9bTouZue2sSxDwdTN92uHjqeKVm+0dAqdfNykRzQ95tay8aXMBAAPpUiq4Qcug2L7neoRh2Egw=="
    }
  },
  "dependencies": {
    "@types/prop-types": {
      "version": "15.7.5",
      "resolved": "https://registry.npmjs.org/@types/prop-types/-/prop-types-15.7.5.tgz",
      "integrity": "sha512-JCB8C6SnDoQf0cNycqd/35A7MjcnK+ZTqE7judS6o7utxUCg6imJg3QK2qzHKszlTjcj2cn+NwMB2i96ubpj7w=="
    },
    "@types/react": {
      "version": "17.0.54",
      "resolved": "https://registry.npmjs.org/@types/react/-/react-17.0.54.tgz",
      "integrity": "sha512-yBon9aJ+pVyP0dzfs4sR2DOseDi6fDnZQHqFaprzDzFgxDLkUhL/Frjf2egvpdlVtssWH8k3YAgvaGQXFu+4Kw==",
      "requires": {
        "@types/prop-types": "*",
        "@types/scheduler": "*",
        "csstype": "^3.0.2"
      }
    },
    "@types/scheduler": {
      "version": "0.16.3",
      "resolved": "https://registry.npmjs.org/@types/scheduler/-/scheduler-0.16.3.tgz",
      "integrity": "sha512-5cJ8CB4yAx7BH1oMvdU0Jh9lrEXyPkar6F9G/ERswkCuvP4KQZfZkSjcMbAICCpQTN4OuZn8tz0HiKv9TGZgrQ=="
    },
    "csstype": {
      "version": "3.1.1",
      "resolved": "https://registry.npmjs.org/csstype/-/csstype-3.1.1.tgz",
      "integrity": "sha512-DJR/VvkAvSZW9bTouZue2sSxDwdTN92uHjqeKVm+0dAqdfNykRzQ95tay8aXMBAAPpUiq4Qcug2L7neoRh2Egw=="
    }
  }
}
