{
  "name": "typescript-5.2",
  "version": "1.0.0",
  "lockfileVersion": 2,
  "requires": true,
  "packages": {
    "": {
      "name": "typescript-5.2",
      "version": "1.0.0",
      "license": "ISC",
      "devDependencies": {
        "@types/node": "^20.4.2",
        "typescript": "^5.2.0-beta"
      }
    },
    "node_modules/@types/node": {
      "version": "20.4.2",
      "resolved": "https://registry.npmjs.org/@types/node/-/node-20.4.2.tgz",
      "integrity": "sha512-Dd0BYtWgnWJKwO1jkmTrzofjK2QXXcai0dmtzvIBhcA+RsG5h8R3xlyta0kGOZRNfL9GuRtb1knmPEhQrePCEw==",
      "dev": true
    },
    "node_modules/typescript": {
      "version": "5.2.0-beta",
      "resolved": "https://registry.npmjs.org/typescript/-/typescript-5.2.0-beta.tgz",
      "integrity": "sha512-z5cq8BXVwaY8cwltw0BiyHRCVXen3QNgIzIcJV4NiLzaWvavxltzFSXd2csO4HoBjlGnuG+/LLbUZ8is3fD6iA==",
      "dev": true,
      "bin": {
        "tsc": "bin/tsc",
        "tsserver": "bin/tsserver"
      },
      "engines": {
        "node": ">=14.17"
      }
    }
  },
  "dependencies": {
    "@types/node": {
      "version": "20.4.2",
      "resolved": "https://registry.npmjs.org/@types/node/-/node-20.4.2.tgz",
      "integrity": "sha512-Dd0BYtWgnWJKwO1jkmTrzofjK2QXXcai0dmtzvIBhcA+RsG5h8R3xlyta0kGOZRNfL9GuRtb1knmPEhQrePCEw==",
      "dev": true
    },
    "typescript": {
      "version": "5.2.0-beta",
      "resolved": "https://registry.npmjs.org/typescript/-/typescript-5.2.0-beta.tgz",
      "integrity": "sha512-z5cq8BXVwaY8cwltw0BiyHRCVXen3QNgIzIcJV4NiLzaWvavxltzFSXd2csO4HoBjlGnuG+/LLbUZ8is3fD6iA==",
      "dev": true
    }
  }
}
